
Microsoft Visual Studio Solution File, Format Version 12.00
# Visual Studio Version 17
VisualStudioVersion = 17.5.002.0
MinimumVisualStudioVersion = 10.0.40219.1
Project("{9A19103F-16F7-4668-BE54-9A1E7A4F7556}") = "evtx", "evtx.csproj", "{8B2D574C-8788-4B38-BB3F-02A8AF742468}"
EndProject
Global
	GlobalSection(SolutionConfigurationPlatforms) = preSolution
		Debug|Any CPU = Debug|Any CPU
		Release|Any CPU = Release|Any CPU
	EndGlobalSection
	GlobalSection(ProjectConfigurationPlatforms) = postSolution
		{8B2D574C-8788-4B38-BB3F-02A8AF742468}.Debug|Any CPU.ActiveCfg = Debug|Any CPU
		{8B2D574C-8788-4B38-BB3F-02A8AF742468}.Debug|Any CPU.Build.0 = Debug|Any CPU
		{8B2D574C-8788-4B38-BB3F-02A8AF742468}.Release|Any CPU.ActiveCfg = Release|Any CPU
		{8B2D574C-8788-4B38-BB3F-02A8AF742468}.Release|Any CPU.Build.0 = Release|Any CPU
	EndGlobalSection
	GlobalSection(SolutionProperties) = preSolution
		HideSolutionNode = FALSE
	EndGlobalSection
	GlobalSection(ExtensibilityGlobals) = postSolution
		SolutionGuid = {F81A2B8D-19FC-4487-BEE3-5AFCD39D9C3D}
	EndGlobalSection
EndGlobal
